
Microsoft Visual Studio Solution File, Format Version 12.00
# Visual Studio Version 17
VisualStudioVersion = 17.13.35931.197
MinimumVisualStudioVersion = 10.0.40219.1
Project("{FAE04EC0-301F-11D3-BF4B-00C04F79EFBC}") = "AgmelloECommerce", "AgmelloECommerce\AgmelloECommerce.csproj", "{E414ABD3-EA07-4E3F-9FBA-E3DCDAF7446A}"
EndProject
Project("{FAE04EC0-301F-11D3-BF4B-00C04F79EFBC}") = "Common", "Common\Common.csproj", "{CF4F79A1-CC76-4C2F-A22D-5CBE78A6EAEE}"
EndProject
Project("{FAE04EC0-301F-11D3-BF4B-00C04F79EFBC}") = "Modules", "Modules\Modules.csproj", "{83B12154-1B5C-4C55-BE89-CD919AE07832}"
EndProject
Global
	GlobalSection(SolutionConfigurationPlatforms) = preSolution
		Debug|Any CPU = Debug|Any CPU
		Release|Any CPU = Release|Any CPU
	EndGlobalSection
	GlobalSection(ProjectConfigurationPlatforms) = postSolution
		{E414ABD3-EA07-4E3F-9FBA-E3DCDAF7446A}.Debug|Any CPU.ActiveCfg = Debug|Any CPU
		{E414ABD3-EA07-4E3F-9FBA-E3DCDAF7446A}.Debug|Any CPU.Build.0 = Debug|Any CPU
		{E414ABD3-EA07-4E3F-9FBA-E3DCDAF7446A}.Release|Any CPU.ActiveCfg = Release|Any CPU
		{E414ABD3-EA07-4E3F-9FBA-E3DCDAF7446A}.Release|Any CPU.Build.0 = Release|Any CPU
		{CF4F79A1-CC76-4C2F-A22D-5CBE78A6EAEE}.Debug|Any CPU.ActiveCfg = Debug|Any CPU
		{CF4F79A1-CC76-4C2F-A22D-5CBE78A6EAEE}.Debug|Any CPU.Build.0 = Debug|Any CPU
		{CF4F79A1-CC76-4C2F-A22D-5CBE78A6EAEE}.Release|Any CPU.ActiveCfg = Release|Any CPU
		{CF4F79A1-CC76-4C2F-A22D-5CBE78A6EAEE}.Release|Any CPU.Build.0 = Release|Any CPU
		{83B12154-1B5C-4C55-BE89-CD919AE07832}.Debug|Any CPU.ActiveCfg = Debug|Any CPU
		{83B12154-1B5C-4C55-BE89-CD919AE07832}.Debug|Any CPU.Build.0 = Debug|Any CPU
		{83B12154-1B5C-4C55-BE89-CD919AE07832}.Release|Any CPU.ActiveCfg = Release|Any CPU
		{83B12154-1B5C-4C55-BE89-CD919AE07832}.Release|Any CPU.Build.0 = Release|Any CPU
	EndGlobalSection
	GlobalSection(SolutionProperties) = preSolution
		HideSolutionNode = FALSE
	EndGlobalSection
	GlobalSection(ExtensibilityGlobals) = postSolution
		SolutionGuid = {171D0713-8621-4B5E-83DA-1ACE58DB00AE}
	EndGlobalSection
EndGlobal
